
Microsoft Visual Studio Solution File, Format Version 12.00
# Visual Studio Version 16
VisualStudioVersion = 16.0.29409.12
MinimumVisualStudioVersion = 10.0.40219.1
Project("{FAE04EC0-301F-11D3-BF4B-00C04F79EFBC}") = "Lawo.EmberPlusSharpTest", "Lawo.EmberPlusSharpTest\Lawo.EmberPlusSharpTest.csproj", "{D93DC0DD-C137-428F-B84B-3F4387124C85}"
EndProject
Project("{2150E333-8FDC-42A3-9474-1A3956D46DE8}") = "Solution Items", "Solution Items", "{3896794D-4AD2-4514-BB4C-1B4CDEC1800C}"
	ProjectSection(SolutionItems) = preProject
		CodeAnalysis.ruleset = CodeAnalysis.ruleset
		CodeAnalysisDictionary.xml = CodeAnalysisDictionary.xml
		CodeCoverage.runsettings = CodeCoverage.runsettings
		Logo.ico = Logo.ico
		README.md = README.md
		SharedAssemblyInfo.cs = SharedAssemblyInfo.cs
		StrongNameKey.snk = StrongNameKey.snk
		stylecop.json = stylecop.json
	EndProjectSection
EndProject
Project("{FAE04EC0-301F-11D3-BF4B-00C04F79EFBC}") = "Lawo.UnitTesting", "Lawo.UnitTesting\Lawo.UnitTesting.csproj", "{018D45FD-BC81-433E-9B90-788D4AE2D31C}"
EndProject
Project("{FAE04EC0-301F-11D3-BF4B-00C04F79EFBC}") = "LawoTest", "LawoTest\LawoTest.csproj", "{60335AC8-4085-4890-AF0C-51D2273772E5}"
EndProject
Project("{FAE04EC0-301F-11D3-BF4B-00C04F79EFBC}") = "Lawo.GlowAnalyzerProxy.Main", "Lawo.GlowAnalyzerProxy.Main\Lawo.GlowAnalyzerProxy.Main.csproj", "{8273A6F1-CFC5-4A5E-8B2B-089EA6317312}"
EndProject
Project("{FAE04EC0-301F-11D3-BF4B-00C04F79EFBC}") = "Lawo.GlowLogConverter.Main", "Lawo.GlowLogConverter.Main\Lawo.GlowLogConverter.Main.csproj", "{C9E3FDA8-F9A9-48BC-9249-36E86A18D371}"
EndProject
Project("{F184B08F-C81C-45F6-A57F-5ABD9991F28F}") = "Lawo.EmberPlusSharpTestVB", "Lawo.EmberPlusSharpTestVB\Lawo.EmberPlusSharpTestVB.vbproj", "{A81DC2B8-8E3C-442E-B311-A38B22D18DFF}"
EndProject
Project("{9A19103F-16F7-4668-BE54-9A1E7A4F7556}") = "Lawo.EmberPlusSharp", "Lawo.EmberPlusSharp\Lawo.EmberPlusSharp.csproj", "{1BE88B2D-2A49-47C0-9C60-59D662C0821A}"
EndProject
Project("{9A19103F-16F7-4668-BE54-9A1E7A4F7556}") = "Lawo", "Lawo\Lawo.csproj", "{47067303-08C7-442D-AEFD-5793595B179F}"
EndProject
Global
	GlobalSection(SolutionConfigurationPlatforms) = preSolution
		Debug|Any CPU = Debug|Any CPU
		Debug|ARM = Debug|ARM
		Debug|x64 = Debug|x64
		Debug|x86 = Debug|x86
		Release|Any CPU = Release|Any CPU
		Release|ARM = Release|ARM
		Release|x64 = Release|x64
		Release|x86 = Release|x86
	EndGlobalSection
	GlobalSection(ProjectConfigurationPlatforms) = postSolution
		{D93DC0DD-C137-428F-B84B-3F4387124C85}.Debug|Any CPU.ActiveCfg = Debug|Any CPU
		{D93DC0DD-C137-428F-B84B-3F4387124C85}.Debug|Any CPU.Build.0 = Debug|Any CPU
		{D93DC0DD-C137-428F-B84B-3F4387124C85}.Debug|ARM.ActiveCfg = Debug|Any CPU
		{D93DC0DD-C137-428F-B84B-3F4387124C85}.Debug|x64.ActiveCfg = Debug|Any CPU
		{D93DC0DD-C137-428F-B84B-3F4387124C85}.Debug|x86.ActiveCfg = Debug|Any CPU
		{D93DC0DD-C137-428F-B84B-3F4387124C85}.Release|Any CPU.ActiveCfg = Release|Any CPU
		{D93DC0DD-C137-428F-B84B-3F4387124C85}.Release|Any CPU.Build.0 = Release|Any CPU
		{D93DC0DD-C137-428F-B84B-3F4387124C85}.Release|ARM.ActiveCfg = Release|Any CPU
		{D93DC0DD-C137-428F-B84B-3F4387124C85}.Release|x64.ActiveCfg = Release|Any CPU
		{D93DC0DD-C137-428F-B84B-3F4387124C85}.Release|x86.ActiveCfg = Release|Any CPU
		{018D45FD-BC81-433E-9B90-788D4AE2D31C}.Debug|Any CPU.ActiveCfg = Debug|Any CPU
		{018D45FD-BC81-433E-9B90-788D4AE2D31C}.Debug|Any CPU.Build.0 = Debug|Any CPU
		{018D45FD-BC81-433E-9B90-788D4AE2D31C}.Debug|ARM.ActiveCfg = Debug|Any CPU
		{018D45FD-BC81-433E-9B90-788D4AE2D31C}.Debug|x64.ActiveCfg = Debug|Any CPU
		{018D45FD-BC81-433E-9B90-788D4AE2D31C}.Debug|x86.ActiveCfg = Debug|Any CPU
		{018D45FD-BC81-433E-9B90-788D4AE2D31C}.Release|Any CPU.ActiveCfg = Release|Any CPU
		{018D45FD-BC81-433E-9B90-788D4AE2D31C}.Release|Any CPU.Build.0 = Release|Any CPU
		{018D45FD-BC81-433E-9B90-788D4AE2D31C}.Release|ARM.ActiveCfg = Release|Any CPU
		{018D45FD-BC81-433E-9B90-788D4AE2D31C}.Release|x64.ActiveCfg = Release|Any CPU
		{018D45FD-BC81-433E-9B90-788D4AE2D31C}.Release|x86.ActiveCfg = Release|Any CPU
		{60335AC8-4085-4890-AF0C-51D2273772E5}.Debug|Any CPU.ActiveCfg = Debug|Any CPU
		{60335AC8-4085-4890-AF0C-51D2273772E5}.Debug|Any CPU.Build.0 = Debug|Any CPU
		{60335AC8-4085-4890-AF0C-51D2273772E5}.Debug|ARM.ActiveCfg = Debug|Any CPU
		{60335AC8-4085-4890-AF0C-51D2273772E5}.Debug|x64.ActiveCfg = Debug|Any CPU
		{60335AC8-4085-4890-AF0C-51D2273772E5}.Debug|x86.ActiveCfg = Debug|Any CPU
		{60335AC8-4085-4890-AF0C-51D2273772E5}.Release|Any CPU.ActiveCfg = Release|Any CPU
		{60335AC8-4085-4890-AF0C-51D2273772E5}.Release|Any CPU.Build.0 = Release|Any CPU
		{60335AC8-4085-4890-AF0C-51D2273772E5}.Release|ARM.ActiveCfg = Release|Any CPU
		{60335AC8-4085-4890-AF0C-51D2273772E5}.Release|x64.ActiveCfg = Release|Any CPU
		{60335AC8-4085-4890-AF0C-51D2273772E5}.Release|x86.ActiveCfg = Release|Any CPU
		{8273A6F1-CFC5-4A5E-8B2B-089EA6317312}.Debug|Any CPU.ActiveCfg = Debug|Any CPU
		{8273A6F1-CFC5-4A5E-8B2B-089EA6317312}.Debug|Any CPU.Build.0 = Debug|Any CPU
		{8273A6F1-CFC5-4A5E-8B2B-089EA6317312}.Debug|ARM.ActiveCfg = Debug|Any CPU
		{8273A6F1-CFC5-4A5E-8B2B-089EA6317312}.Debug|x64.ActiveCfg = Debug|Any CPU
		{8273A6F1-CFC5-4A5E-8B2B-089EA6317312}.Debug|x86.ActiveCfg = Debug|Any CPU
		{8273A6F1-CFC5-4A5E-8B2B-089EA6317312}.Release|Any CPU.ActiveCfg = Release|Any CPU
		{8273A6F1-CFC5-4A5E-8B2B-089EA6317312}.Release|Any CPU.Build.0 = Release|Any CPU
		{8273A6F1-CFC5-4A5E-8B2B-089EA6317312}.Release|ARM.ActiveCfg = Release|Any CPU
		{8273A6F1-CFC5-4A5E-8B2B-089EA6317312}.Release|x64.ActiveCfg = Release|Any CPU
		{8273A6F1-CFC5-4A5E-8B2B-089EA6317312}.Release|x86.ActiveCfg = Release|Any CPU
		{C9E3FDA8-F9A9-48BC-9249-36E86A18D371}.Debug|Any CPU.ActiveCfg = Debug|Any CPU
		{C9E3FDA8-F9A9-48BC-9249-36E86A18D371}.Debug|Any CPU.Build.0 = Debug|Any CPU
		{C9E3FDA8-F9A9-48BC-9249-36E86A18D371}.Debug|ARM.ActiveCfg = Debug|Any CPU
		{C9E3FDA8-F9A9-48BC-9249-36E86A18D371}.Debug|x64.ActiveCfg = Debug|Any CPU
		{C9E3FDA8-F9A9-48BC-9249-36E86A18D371}.Debug|x86.ActiveCfg = Debug|Any CPU
		{C9E3FDA8-F9A9-48BC-9249-36E86A18D371}.Release|Any CPU.ActiveCfg = Release|Any CPU
		{C9E3FDA8-F9A9-48BC-9249-36E86A18D371}.Release|Any CPU.Build.0 = Release|Any CPU
		{C9E3FDA8-F9A9-48BC-9249-36E86A18D371}.Release|ARM.ActiveCfg = Release|Any CPU
		{C9E3FDA8-F9A9-48BC-9249-36E86A18D371}.Release|x64.ActiveCfg = Release|Any CPU
		{C9E3FDA8-F9A9-48BC-9249-36E86A18D371}.Release|x86.ActiveCfg = Release|Any CPU
		{A81DC2B8-8E3C-442E-B311-A38B22D18DFF}.Debug|Any CPU.ActiveCfg = Debug|Any CPU
		{A81DC2B8-8E3C-442E-B311-A38B22D18DFF}.Debug|Any CPU.Build.0 = Debug|Any CPU
		{A81DC2B8-8E3C-442E-B311-A38B22D18DFF}.Debug|ARM.ActiveCfg = Debug|Any CPU
		{A81DC2B8-8E3C-442E-B311-A38B22D18DFF}.Debug|ARM.Build.0 = Debug|Any CPU
		{A81DC2B8-8E3C-442E-B311-A38B22D18DFF}.Debug|x64.ActiveCfg = Debug|Any CPU
		{A81DC2B8-8E3C-442E-B311-A38B22D18DFF}.Debug|x64.Build.0 = Debug|Any CPU
		{A81DC2B8-8E3C-442E-B311-A38B22D18DFF}.Debug|x86.ActiveCfg = Debug|Any CPU
		{A81DC2B8-8E3C-442E-B311-A38B22D18DFF}.Debug|x86.Build.0 = Debug|Any CPU
		{A81DC2B8-8E3C-442E-B311-A38B22D18DFF}.Release|Any CPU.ActiveCfg = Release|Any CPU
		{A81DC2B8-8E3C-442E-B311-A38B22D18DFF}.Release|Any CPU.Build.0 = Release|Any CPU
		{A81DC2B8-8E3C-442E-B311-A38B22D18DFF}.Release|ARM.ActiveCfg = Release|Any CPU
		{A81DC2B8-8E3C-442E-B311-A38B22D18DFF}.Release|ARM.Build.0 = Release|Any CPU
		{A81DC2B8-8E3C-442E-B311-A38B22D18DFF}.Release|x64.ActiveCfg = Release|Any CPU
		{A81DC2B8-8E3C-442E-B311-A38B22D18DFF}.Release|x64.Build.0 = Release|Any CPU
		{A81DC2B8-8E3C-442E-B311-A38B22D18DFF}.Release|x86.ActiveCfg = Release|Any CPU
		{A81DC2B8-8E3C-442E-B311-A38B22D18DFF}.Release|x86.Build.0 = Release|Any CPU
		{1BE88B2D-2A49-47C0-9C60-59D662C0821A}.Debug|Any CPU.ActiveCfg = Debug|Any CPU
		{1BE88B2D-2A49-47C0-9C60-59D662C0821A}.Debug|Any CPU.Build.0 = Debug|Any CPU
		{1BE88B2D-2A49-47C0-9C60-59D662C0821A}.Debug|ARM.ActiveCfg = Debug|Any CPU
		{1BE88B2D-2A49-47C0-9C60-59D662C0821A}.Debug|ARM.Build.0 = Debug|Any CPU
		{1BE88B2D-2A49-47C0-9C60-59D662C0821A}.Debug|x64.ActiveCfg = Debug|Any CPU
		{1BE88B2D-2A49-47C0-9C60-59D662C0821A}.Debug|x64.Build.0 = Debug|Any CPU
		{1BE88B2D-2A49-47C0-9C60-59D662C0821A}.Debug|x86.ActiveCfg = Debug|Any CPU
		{1BE88B2D-2A49-47C0-9C60-59D662C0821A}.Debug|x86.Build.0 = Debug|Any CPU
		{1BE88B2D-2A49-47C0-9C60-59D662C0821A}.Release|Any CPU.ActiveCfg = Release|Any CPU
		{1BE88B2D-2A49-47C0-9C60-59D662C0821A}.Release|Any CPU.Build.0 = Release|Any CPU
		{1BE88B2D-2A49-47C0-9C60-59D662C0821A}.Release|ARM.ActiveCfg = Release|Any CPU
		{1BE88B2D-2A49-47C0-9C60-59D662C0821A}.Release|ARM.Build.0 = Release|Any CPU
		{1BE88B2D-2A49-47C0-9C60-59D662C0821A}.Release|x64.ActiveCfg = Release|Any CPU
		{1BE88B2D-2A49-47C0-9C60-59D662C0821A}.Release|x64.Build.0 = Release|Any CPU
		{1BE88B2D-2A49-47C0-9C60-59D662C0821A}.Release|x86.ActiveCfg = Release|Any CPU
		{1BE88B2D-2A49-47C0-9C60-59D662C0821A}.Release|x86.Build.0 = Release|Any CPU
		{47067303-08C7-442D-AEFD-5793595B179F}.Debug|Any CPU.ActiveCfg = Debug|Any CPU
		{47067303-08C7-442D-AEFD-5793595B179F}.Debug|Any CPU.Build.0 = Debug|Any CPU
		{47067303-08C7-442D-AEFD-5793595B179F}.Debug|ARM.ActiveCfg = Debug|Any CPU
		{47067303-08C7-442D-AEFD-5793595B179F}.Debug|ARM.Build.0 = Debug|Any CPU
		{47067303-08C7-442D-AEFD-5793595B179F}.Debug|x64.ActiveCfg = Debug|Any CPU
		{47067303-08C7-442D-AEFD-5793595B179F}.Debug|x64.Build.0 = Debug|Any CPU
		{47067303-08C7-442D-AEFD-5793595B179F}.Debug|x86.ActiveCfg = Debug|Any CPU
		{47067303-08C7-442D-AEFD-5793595B179F}.Debug|x86.Build.0 = Debug|Any CPU
		{47067303-08C7-442D-AEFD-5793595B179F}.Release|Any CPU.ActiveCfg = Release|Any CPU
		{47067303-08C7-442D-AEFD-5793595B179F}.Release|Any CPU.Build.0 = Release|Any CPU
		{47067303-08C7-442D-AEFD-5793595B179F}.Release|ARM.ActiveCfg = Release|Any CPU
		{47067303-08C7-442D-AEFD-5793595B179F}.Release|ARM.Build.0 = Release|Any CPU
		{47067303-08C7-442D-AEFD-5793595B179F}.Release|x64.ActiveCfg = Release|Any CPU
		{47067303-08C7-442D-AEFD-5793595B179F}.Release|x64.Build.0 = Release|Any CPU
		{47067303-08C7-442D-AEFD-5793595B179F}.Release|x86.ActiveCfg = Release|Any CPU
		{47067303-08C7-442D-AEFD-5793595B179F}.Release|x86.Build.0 = Release|Any CPU
	EndGlobalSection
	GlobalSection(SolutionProperties) = preSolution
		HideSolutionNode = FALSE
	EndGlobalSection
	GlobalSection(ExtensibilityGlobals) = postSolution
		SolutionGuid = {4CCEB7E0-F2FD-41D3-9E4E-BAA95A7FC762}
	EndGlobalSection
EndGlobal
